
Microsoft Visual Studio Solution File, Format Version 12.00
# Visual Studio Version 16
VisualStudioVersion = 16.0.30011.22
MinimumVisualStudioVersion = 10.0.40219.1
Project("{FAE04EC0-301F-11D3-BF4B-00C04F79EFBC}") = "ASPdotNETMVCExcelImport", "ASPdotNETMVCExcelImport.csproj", "{4E89844B-734F-43B6-91BE-F9906F6C8662}"
EndProject
Global
	GlobalSection(SolutionConfigurationPlatforms) = preSolution
		Debug|Any CPU = Debug|Any CPU
		Release|Any CPU = Release|Any CPU
	EndGlobalSection
	GlobalSection(ProjectConfigurationPlatforms) = postSolution
		{4E89844B-734F-43B6-91BE-F9906F6C8662}.Debug|Any CPU.ActiveCfg = Debug|Any CPU
		{4E89844B-734F-43B6-91BE-F9906F6C8662}.Debug|Any CPU.Build.0 = Debug|Any CPU
		{4E89844B-734F-43B6-91BE-F9906F6C8662}.Release|Any CPU.ActiveCfg = Release|Any CPU
		{4E89844B-734F-43B6-91BE-F9906F6C8662}.Release|Any CPU.Build.0 = Release|Any CPU
	EndGlobalSection
	GlobalSection(SolutionProperties) = preSolution
		HideSolutionNode = FALSE
	EndGlobalSection
	GlobalSection(ExtensibilityGlobals) = postSolution
		SolutionGuid = {DCD5F6AC-AE18-4686-857B-7EE54EE6EED6}
	EndGlobalSection
EndGlobal
